{
  "name": "ai-chat-userscript-suite",
  "version": "1.1.0",
  "lockfileVersion": 3,
  "requires": true,
  "packages": {
    "": {
      "name": "ai-chat-userscript-suite",
      "version": "1.1.0",
      "license": "MIT",
      "dependencies": {
        "@kudoai/chatgpt.js": "^3.3.5"
      },
      "devDependencies": {},
      "engines": {
        "node": ">=20.0.0",
        "npm": ">=10.0.0"
      },
      "funding": {
        "type": "github",
        "url": "https://github.com/sponsors/ai-rmd"
      },
      "peerDependencies": {
        "@kudoai/chatgpt.js": ">=3.0.0"
      },
      "peerDependenciesMeta": {
        "@kudoai/chatgpt.js": {
          "optional": true
        }
      }
    },
    "node_modules/@kudoai/chatgpt.js": {
      "version": "3.9.0",
      "resolved": "https://registry.npmjs.org/@kudoai/chatgpt.js/-/chatgpt.js-3.9.0.tgz",
      "integrity": "sha512-/sR8J11Fw9bXML5hxv6l899TYXr1Bhf0OLI8P4T0tIJrWzGtIuylPKjQjMswVY+TcqrlEkpJDUV4+M9gDMJdOA==",
      "funding": [
        {
          "type": "github",
          "url": "http://github.com/sponsors/KudoAI"
        },
        {
          "type": "paypal",
          "url": "http://paypal.biz/kudoai"
        }
      ],
      "license": "MIT"
    }
  }
}
