{
  "name": "task-mcp",
  "version": "0.0.0",
  "lockfileVersion": 3,
  "requires": true,
  "packages": {
    "": {
      "name": "task-mcp",
      "version": "0.0.0",
      "dependencies": {
        "simplerauth-client": "0.0.20"
      }
    },
    "node_modules/simplerauth-client": {
      "version": "0.0.20",
      "resolved": "https://registry.npmjs.org/simplerauth-client/-/simplerauth-client-0.0.20.tgz",
      "integrity": "sha512-placeholder-regenerate-with-npm-install",
      "license": "MIT"
    }
  },
  "dependencies": {
    "simplerauth-client": {
      "version": "0.0.20",
      "resolved": "https://registry.npmjs.org/simplerauth-client/-/simplerauth-client-0.0.20.tgz",
      "integrity": "sha512-placeholder-regenerate-with-npm-install"
    }
  }
}
